
Microsoft Visual Studio Solution File, Format Version 12.00
# Visual Studio Version 17
VisualStudioVersion = 17.11.35219.272
MinimumVisualStudioVersion = 10.0.40219.1
Project("{FAE04EC0-301F-11D3-BF4B-00C04F79EFBC}") = "BlazorAppMicrosoftLearn", "BlazorAppMicrosoftLearn.csproj", "{00CE58B3-BC3D-4C79-B7B8-9F613B7A744F}"
EndProject
Global
	GlobalSection(SolutionConfigurationPlatforms) = preSolution
		Debug|Any CPU = Debug|Any CPU
		Release|Any CPU = Release|Any CPU
	EndGlobalSection
	GlobalSection(ProjectConfigurationPlatforms) = postSolution
		{00CE58B3-BC3D-4C79-B7B8-9F613B7A744F}.Debug|Any CPU.ActiveCfg = Debug|Any CPU
		{00CE58B3-BC3D-4C79-B7B8-9F613B7A744F}.Debug|Any CPU.Build.0 = Debug|Any CPU
		{00CE58B3-BC3D-4C79-B7B8-9F613B7A744F}.Release|Any CPU.ActiveCfg = Release|Any CPU
		{00CE58B3-BC3D-4C79-B7B8-9F613B7A744F}.Release|Any CPU.Build.0 = Release|Any CPU
	EndGlobalSection
	GlobalSection(SolutionProperties) = preSolution
		HideSolutionNode = FALSE
	EndGlobalSection
	GlobalSection(ExtensibilityGlobals) = postSolution
		SolutionGuid = {6D3EADF5-BD1A-4AFD-8E3C-3D7569CEB97A}
	EndGlobalSection
EndGlobal
